
Microsoft Visual Studio Solution File, Format Version 12.00
# Visual Studio Version 17
VisualStudioVersion = 17.3.32901.215
MinimumVisualStudioVersion = 10.0.40219.1
Project("{888888A0-9F3D-457C-B088-3A5042F75D52}") = "Calc", "Calc.pyproj", "{AC9CD3D0-9581-4A95-B8A8-867535E06864}"
EndProject
Global
	GlobalSection(SolutionConfigurationPlatforms) = preSolution
		Debug|Any CPU = Debug|Any CPU
		Release|Any CPU = Release|Any CPU
	EndGlobalSection
	GlobalSection(ProjectConfigurationPlatforms) = postSolution
		{AC9CD3D0-9581-4A95-B8A8-867535E06864}.Debug|Any CPU.ActiveCfg = Debug|Any CPU
		{AC9CD3D0-9581-4A95-B8A8-867535E06864}.Release|Any CPU.ActiveCfg = Release|Any CPU
	EndGlobalSection
	GlobalSection(SolutionProperties) = preSolution
		HideSolutionNode = FALSE
	EndGlobalSection
	GlobalSection(ExtensibilityGlobals) = postSolution
		SolutionGuid = {FFC0611E-6E41-4DBB-A87F-58565A85887F}
	EndGlobalSection
EndGlobal
